
Microsoft Visual Studio Solution File, Format Version 12.00
# Visual Studio Version 17
VisualStudioVersion = 17.4.33205.214
MinimumVisualStudioVersion = 10.0.40219.1
Project("{9A19103F-16F7-4668-BE54-9A1E7A4F7556}") = "WorkWise", "WorkWise\WorkWise.csproj", "{A5AF8CFD-55FF-43A3-A5E9-2F54684F10F1}"
EndProject
Project("{9A19103F-16F7-4668-BE54-9A1E7A4F7556}") = "WorkWise.Database", "WorkWise.Databases\WorkWise.Database.csproj", "{C8828996-8606-40C7-AC98-2500CAB9A2DE}"
EndProject
Project("{9A19103F-16F7-4668-BE54-9A1E7A4F7556}") = "WorkWise.Model", "WorkWise.Model\WorkWise.Model.csproj", "{BEFDAC41-CE4C-4160-9B98-40A13D224750}"
EndProject
Project("{9A19103F-16F7-4668-BE54-9A1E7A4F7556}") = "WorkWise.Test", "WorkWise.Test\WorkWise.Test.csproj", "{CDDC0E9A-703D-4161-9B8F-B37885A8C6EE}"
EndProject
Project("{9A19103F-16F7-4668-BE54-9A1E7A4F7556}") = "WorkWise.Core", "WorkWise.Core\WorkWise.Core.csproj", "{B8CD83A6-350A-4544-9EF1-208659C382EC}"
EndProject
Global
	GlobalSection(SolutionConfigurationPlatforms) = preSolution
		Debug|Any CPU = Debug|Any CPU
		Release|Any CPU = Release|Any CPU
	EndGlobalSection
	GlobalSection(ProjectConfigurationPlatforms) = postSolution
		{A5AF8CFD-55FF-43A3-A5E9-2F54684F10F1}.Debug|Any CPU.ActiveCfg = Debug|Any CPU
		{A5AF8CFD-55FF-43A3-A5E9-2F54684F10F1}.Debug|Any CPU.Build.0 = Debug|Any CPU
		{A5AF8CFD-55FF-43A3-A5E9-2F54684F10F1}.Release|Any CPU.ActiveCfg = Release|Any CPU
		{A5AF8CFD-55FF-43A3-A5E9-2F54684F10F1}.Release|Any CPU.Build.0 = Release|Any CPU
		{C8828996-8606-40C7-AC98-2500CAB9A2DE}.Debug|Any CPU.ActiveCfg = Debug|Any CPU
		{C8828996-8606-40C7-AC98-2500CAB9A2DE}.Debug|Any CPU.Build.0 = Debug|Any CPU
		{C8828996-8606-40C7-AC98-2500CAB9A2DE}.Release|Any CPU.ActiveCfg = Release|Any CPU
		{C8828996-8606-40C7-AC98-2500CAB9A2DE}.Release|Any CPU.Build.0 = Release|Any CPU
		{BEFDAC41-CE4C-4160-9B98-40A13D224750}.Debug|Any CPU.ActiveCfg = Debug|Any CPU
		{BEFDAC41-CE4C-4160-9B98-40A13D224750}.Debug|Any CPU.Build.0 = Debug|Any CPU
		{BEFDAC41-CE4C-4160-9B98-40A13D224750}.Release|Any CPU.ActiveCfg = Release|Any CPU
		{BEFDAC41-CE4C-4160-9B98-40A13D224750}.Release|Any CPU.Build.0 = Release|Any CPU
		{CDDC0E9A-703D-4161-9B8F-B37885A8C6EE}.Debug|Any CPU.ActiveCfg = Debug|Any CPU
		{CDDC0E9A-703D-4161-9B8F-B37885A8C6EE}.Debug|Any CPU.Build.0 = Debug|Any CPU
		{CDDC0E9A-703D-4161-9B8F-B37885A8C6EE}.Release|Any CPU.ActiveCfg = Release|Any CPU
		{CDDC0E9A-703D-4161-9B8F-B37885A8C6EE}.Release|Any CPU.Build.0 = Release|Any CPU
		{B8CD83A6-350A-4544-9EF1-208659C382EC}.Debug|Any CPU.ActiveCfg = Debug|Any CPU
		{B8CD83A6-350A-4544-9EF1-208659C382EC}.Debug|Any CPU.Build.0 = Debug|Any CPU
		{B8CD83A6-350A-4544-9EF1-208659C382EC}.Release|Any CPU.ActiveCfg = Release|Any CPU
		{B8CD83A6-350A-4544-9EF1-208659C382EC}.Release|Any CPU.Build.0 = Release|Any CPU
	EndGlobalSection
	GlobalSection(SolutionProperties) = preSolution
		HideSolutionNode = FALSE
	EndGlobalSection
	GlobalSection(ExtensibilityGlobals) = postSolution
		SolutionGuid = {10196DF0-00EA-4867-94AA-37C8DFC4D90C}
	EndGlobalSection
EndGlobal
